{
  "name": "silverstripe-asset-gallery",
  "version": "0.0.0",
  "dependencies": {
    "flux": {
      "version": "2.1.1",
      "from": "flux@>=2.1.1 <3.0.0",
      "resolved": "https://registry.npmjs.org/flux/-/flux-2.1.1.tgz",
      "dependencies": {
        "fbemitter": {
          "version": "2.0.0",
          "from": "fbemitter@>=2.0.0 <3.0.0",
          "resolved": "https://registry.npmjs.org/fbemitter/-/fbemitter-2.0.0.tgz"
        },
        "fbjs": {
          "version": "0.1.0-alpha.7",
          "from": "fbjs@0.1.0-alpha.7",
          "resolved": "https://registry.npmjs.org/fbjs/-/fbjs-0.1.0-alpha.7.tgz",
          "dependencies": {
            "core-js": {
              "version": "1.1.4",
              "from": "core-js@>=1.0.0 <2.0.0",
              "resolved": "https://registry.npmjs.org/core-js/-/core-js-1.1.4.tgz"
            },
            "promise": {
              "version": "7.0.4",
              "from": "promise@>=7.0.3 <8.0.0",
              "resolved": "https://registry.npmjs.org/promise/-/promise-7.0.4.tgz",
              "dependencies": {
                "asap": {
                  "version": "2.0.3",
                  "from": "asap@>=2.0.3 <2.1.0",
                  "resolved": "https://registry.npmjs.org/asap/-/asap-2.0.3.tgz"
                }
              }
            },
            "whatwg-fetch": {
              "version": "0.9.0",
              "from": "whatwg-fetch@>=0.9.0 <0.10.0",
              "resolved": "https://registry.npmjs.org/whatwg-fetch/-/whatwg-fetch-0.9.0.tgz"
            }
          }
        },
        "immutable": {
          "version": "3.7.5",
          "from": "immutable@>=3.7.4 <4.0.0",
          "resolved": "https://registry.npmjs.org/immutable/-/immutable-3.7.5.tgz"
        }
      }
    },
    "react": {
      "version": "0.13.3",
      "from": "react@>=0.13.3 <0.14.0",
      "resolved": "https://registry.npmjs.org/react/-/react-0.13.3.tgz",
      "dependencies": {
        "envify": {
          "version": "3.4.0",
          "from": "envify@>=3.0.0 <4.0.0",
          "resolved": "https://registry.npmjs.org/envify/-/envify-3.4.0.tgz",
          "dependencies": {
            "through": {
              "version": "2.3.8",
              "from": "through@>=2.3.4 <2.4.0",
              "resolved": "https://registry.npmjs.org/through/-/through-2.3.8.tgz"
            },
            "jstransform": {
              "version": "10.1.0",
              "from": "jstransform@>=10.0.1 <11.0.0",
              "resolved": "https://registry.npmjs.org/jstransform/-/jstransform-10.1.0.tgz",
              "dependencies": {
                "base62": {
                  "version": "0.1.1",
                  "from": "base62@0.1.1",
                  "resolved": "https://registry.npmjs.org/base62/-/base62-0.1.1.tgz"
                },
                "esprima-fb": {
                  "version": "13001.1001.0-dev-harmony-fb",
                  "from": "esprima-fb@13001.1001.0-dev-harmony-fb",
                  "resolved": "https://registry.npmjs.org/esprima-fb/-/esprima-fb-13001.1001.0-dev-harmony-fb.tgz"
                },
                "source-map": {
                  "version": "0.1.31",
                  "from": "source-map@0.1.31",
                  "resolved": "https://registry.npmjs.org/source-map/-/source-map-0.1.31.tgz",
                  "dependencies": {
                    "amdefine": {
                      "version": "1.0.0",
                      "from": "amdefine@>=0.0.4",
                      "resolved": "https://registry.npmjs.org/amdefine/-/amdefine-1.0.0.tgz"
                    }
                  }
                }
              }
            }
          }
        }
      }
    }
  }
}
